{
  "name": "claudia-api",
  "version": "1.0.0",
  "lockfileVersion": 2,
  "requires": true,
  "packages": {
    "": {
      "name": "claudia-api",
      "version": "1.0.0",
      "license": "ISC",
      "dependencies": {
        "claudia-api-builder": "^4.1.2"
      }
    },
    "node_modules/claudia-api-builder": {
      "version": "4.1.2",
      "resolved": "https://registry.npmjs.org/claudia-api-builder/-/claudia-api-builder-4.1.2.tgz",
      "integrity": "sha512-xXS9ew32KRJSMQGHMTEsvSkd1FTs9GK3JjiBIuxk9EJz2hubryrWiTzsJQvcVcfBYE0fb7bO+ZhH2/fqqG7Acg=="
    }
  },
  "dependencies": {
    "claudia-api-builder": {
      "version": "4.1.2",
      "resolved": "https://registry.npmjs.org/claudia-api-builder/-/claudia-api-builder-4.1.2.tgz",
      "integrity": "sha512-xXS9ew32KRJSMQGHMTEsvSkd1FTs9GK3JjiBIuxk9EJz2hubryrWiTzsJQvcVcfBYE0fb7bO+ZhH2/fqqG7Acg=="
    }
  }
}
